
Microsoft Visual Studio Solution File, Format Version 12.00
# Visual Studio Version 17
VisualStudioVersion = 17.4.33110.190
MinimumVisualStudioVersion = 10.0.40219.1
Project("{FAE04EC0-301F-11D3-BF4B-00C04F79EFBC}") = "TNI1911310512.Android", "TNI1911310512\TNI1911310512.Android\TNI1911310512.Android.csproj", "{FC4DD379-3B00-4E8B-A94B-872707B95012}"
EndProject
Project("{FAE04EC0-301F-11D3-BF4B-00C04F79EFBC}") = "TNI1911310512", "TNI1911310512\TNI1911310512\TNI1911310512.csproj", "{2E83CA4B-4FD7-44A6-9AF0-559813CBDD8A}"
EndProject
Global
	GlobalSection(SolutionConfigurationPlatforms) = preSolution
		Debug|Any CPU = Debug|Any CPU
		Release|Any CPU = Release|Any CPU
	EndGlobalSection
	GlobalSection(ProjectConfigurationPlatforms) = postSolution
		{FC4DD379-3B00-4E8B-A94B-872707B95012}.Debug|Any CPU.ActiveCfg = Debug|Any CPU
		{FC4DD379-3B00-4E8B-A94B-872707B95012}.Debug|Any CPU.Build.0 = Debug|Any CPU
		{FC4DD379-3B00-4E8B-A94B-872707B95012}.Debug|Any CPU.Deploy.0 = Debug|Any CPU
		{FC4DD379-3B00-4E8B-A94B-872707B95012}.Release|Any CPU.ActiveCfg = Release|Any CPU
		{FC4DD379-3B00-4E8B-A94B-872707B95012}.Release|Any CPU.Build.0 = Release|Any CPU
		{FC4DD379-3B00-4E8B-A94B-872707B95012}.Release|Any CPU.Deploy.0 = Release|Any CPU
		{2E83CA4B-4FD7-44A6-9AF0-559813CBDD8A}.Debug|Any CPU.ActiveCfg = Debug|Any CPU
		{2E83CA4B-4FD7-44A6-9AF0-559813CBDD8A}.Debug|Any CPU.Build.0 = Debug|Any CPU
		{2E83CA4B-4FD7-44A6-9AF0-559813CBDD8A}.Debug|Any CPU.Deploy.0 = Debug|Any CPU
		{2E83CA4B-4FD7-44A6-9AF0-559813CBDD8A}.Release|Any CPU.ActiveCfg = Release|Any CPU
		{2E83CA4B-4FD7-44A6-9AF0-559813CBDD8A}.Release|Any CPU.Build.0 = Release|Any CPU
		{2E83CA4B-4FD7-44A6-9AF0-559813CBDD8A}.Release|Any CPU.Deploy.0 = Release|Any CPU
	EndGlobalSection
	GlobalSection(SolutionProperties) = preSolution
		HideSolutionNode = FALSE
	EndGlobalSection
	GlobalSection(ExtensibilityGlobals) = postSolution
		SolutionGuid = {3259C1E7-5DCA-472C-970C-DF22B7F5A21A}
	EndGlobalSection
EndGlobal
